// !$*UTF8*$!
{
	archiveVersion = 1;
	classes = {
	};
	objectVersion = 45;
	objects = {

/* Begin PBXBuildFile section */
		6532448B2B164F084CDA392C /* main.cpp in Sources */ = {isa = PBXBuildFile; fileRef = 16633EF646FA6CF552784B34 /* main.cpp */; };
		6DC737696D4F669022283137 /* libtinyobject.a in Frameworks */ = {isa = PBXBuildFile; fileRef = 35B6409E5C2F366A09EA11E1 /* libtinyobject.a */; };
/* End PBXBuildFile section */

/* Begin PBXContainerItemProxy section */
		4164460653307D3B565376FF /* PBXContainerItemProxy */ = {
			isa = PBXContainerItemProxy;
			containerPortal = 461075E47F3D351D30A47D08 /* tinyobject.xcodeproj */;
			proxyType = 2;
			remoteGlobalIDString = 714C57E51E225DD4355D73B3;
			remoteInfo = "libtinyobject.a";
		};
		75161BE83E2045BA405C0856 /* PBXContainerItemProxy */ = {
			isa = PBXContainerItemProxy;
			containerPortal = 461075E47F3D351D30A47D08 /* tinyobject.xcodeproj */;
			proxyType = 1;
			remoteGlobalIDString = 082A0CDF126533FC7A4E3F63;
			remoteInfo = "libtinyobject.a";
		};
/* End PBXContainerItemProxy section */

/* Begin PBXFileReference section */
		16633EF646FA6CF552784B34 /* main.cpp */ = {isa = PBXFileReference; lastKnownFileType = sourcecode.cpp.cpp; name = "main.cpp"; path = "main.cpp"; sourceTree = "<group>"; };
		2C2E032A787F134F465F156C /* totest */ = {isa = PBXFileReference; explicitFileType = "compiled.mach-o.executable"; includeInIndex = 0; name = "totest"; path = "totest"; sourceTree = BUILT_PRODUCTS_DIR; };
		461075E47F3D351D30A47D08 /* tinyobject.xcodeproj */ = {isa = PBXFileReference; lastKnownFileType = "wrapper.pb-project"; name = "tinyobject.xcodeproj"; path = "tinyobject.xcodeproj"; sourceTree = SOURCE_ROOT; };
/* End PBXFileReference section */

/* Begin PBXFrameworksBuildPhase section */
		43457A6A70551DED6AF679A7 /* Frameworks */ = {
			isa = PBXFrameworksBuildPhase;
			buildActionMask = 2147483647;
			files = (
				6DC737696D4F669022283137 /* libtinyobject.a in Frameworks */,
			);
			runOnlyForDeploymentPostprocessing = 0;
		};
/* End PBXFrameworksBuildPhase section */

/* Begin PBXGroup section */
		480B56267C8B0BD016352E51 /* totest */ = {
			isa = PBXGroup;
			children = (
				526B102E4AF961734BD26A33 /* src */,
				143524764FFD07E1048E34BF /* Products */,
				6F8D4AE733FE003E0C7B636B /* Projects */,
			);
			name = "totest";
			sourceTree = "<group>";
		};
		526B102E4AF961734BD26A33 /* src */ = {
			isa = PBXGroup;
			children = (
				6FCF2B9023FA02FD3F083C28 /* totest */,
			);
			name = "src";
			path = ../src;
			sourceTree = "<group>";
		};
		6FCF2B9023FA02FD3F083C28 /* totest */ = {
			isa = PBXGroup;
			children = (
				16633EF646FA6CF552784B34 /* main.cpp */,
			);
			name = "totest";
			path = totest;
			sourceTree = "<group>";
		};
		143524764FFD07E1048E34BF /* Products */ = {
			isa = PBXGroup;
			children = (
				2C2E032A787F134F465F156C /* totest */,
			);
			name = "Products";
			sourceTree = "<group>";
		};
		6F8D4AE733FE003E0C7B636B /* Projects */ = {
			isa = PBXGroup;
			children = (
				461075E47F3D351D30A47D08 /* tinyobject.xcodeproj */,
			);
			name = "Projects";
			sourceTree = "<group>";
		};
		30114DBF438957F2673359FE /* Products */ = {
			isa = PBXGroup;
			children = (
				35B6409E5C2F366A09EA11E1 /* libtinyobject.a */,
			);
			name = Products;
			sourceTree = "<group>";
		};
/* End PBXGroup section */

/* Begin PBXNativeTarget section */
		060F7D5D237760292DDE64A5 /* totest */ = {
			isa = PBXNativeTarget;
			buildConfigurationList = 3D3D1FBC00FB137A535F26BC /* Build configuration list for PBXNativeTarget "totest" */;
			buildPhases = (
				347A395D47FA6ED6651E4CD8 /* Resources */,
				1BDA3B5703351AA625B657AD /* Sources */,
				43457A6A70551DED6AF679A7 /* Frameworks */,
			);
			buildRules = (
			);
			dependencies = (
				53E65E527B37188D6D8071E0 /* PBXTargetDependency */,
			);
			name = "totest";
			productInstallPath = "$(HOME)/bin";
			productName = "totest";
			productReference = 2C2E032A787F134F465F156C /* totest */;
			productType = "com.apple.product-type.tool";
		};
/* End PBXNativeTarget section */

/* Begin PBXProject section */
		08FB7793FE84155DC02AAC07 /* Project object */ = {
			isa = PBXProject;
			buildConfigurationList = 1DEB928908733DD80010E9CD /* Build configuration list for PBXProject "totest" */;
			compatibilityVersion = "Xcode 3.1";
			hasScannedForEncodings = 1;
			mainGroup = 480B56267C8B0BD016352E51 /* totest */;
			projectDirPath = "";
			projectReferences = (
				{
					ProductGroup = 30114DBF438957F2673359FE /* Products */;
					ProjectRef = 461075E47F3D351D30A47D08 /* tinyobject.xcodeproj */;
				},
			);
			projectRoot = "";
			targets = (
				060F7D5D237760292DDE64A5 /* totest */,
			);
		};
/* End PBXProject section */

/* Begin PBXReferenceProxy section */
		35B6409E5C2F366A09EA11E1 /* libtinyobject.a */ = {
			isa = PBXReferenceProxy;
			fileType = archive.ar;
			path = "../src/tinyobject/libtinyobject.a";
			remoteRef = 4164460653307D3B565376FF /* PBXContainerItemProxy */;
			sourceTree = BUILT_PRODUCTS_DIR;
		};
/* End PBXReferenceProxy section */

/* Begin PBXResourcesBuildPhase section */
		347A395D47FA6ED6651E4CD8 /* Resources */ = {
			isa = PBXResourcesBuildPhase;
			buildActionMask = 2147483647;
			files = (
			);
			runOnlyForDeploymentPostprocessing = 0;
		};
/* End PBXResourcesBuildPhase section */

/* Begin PBXSourcesBuildPhase section */
		1BDA3B5703351AA625B657AD /* Sources */ = {
			isa = PBXSourcesBuildPhase;
			buildActionMask = 2147483647;
			files = (
				6532448B2B164F084CDA392C /* main.cpp in Sources */,
			);
			runOnlyForDeploymentPostprocessing = 0;
		};
/* End PBXSourcesBuildPhase section */

/* Begin PBXVariantGroup section */
/* End PBXVariantGroup section */

/* Begin PBXTargetDependency section */
		53E65E527B37188D6D8071E0 /* PBXTargetDependency */ = {
			isa = PBXTargetDependency;
			name = "libtinyobject.a";
			targetProxy = 75161BE83E2045BA405C0856 /* PBXContainerItemProxy */;
		};
/* End PBXTargetDependency section */

/* Begin XCBuildConfiguration section */
		553F31516366614440362819 /* Debug */ = {
			isa = XCBuildConfiguration;
			buildSettings = {
				ALWAYS_SEARCH_USER_PATHS = NO;
				CONFIGURATION_BUILD_DIR = ../src/totest;
				GCC_DYNAMIC_NO_PIC = NO;
				GCC_MODEL_TUNING = G5;
				INSTALL_PATH = /usr/local/bin;
				PRODUCT_NAME = "totest";
			};
			name = "Debug";
		};
		548925821598362B7E774ABA /* Release */ = {
			isa = XCBuildConfiguration;
			buildSettings = {
				ALWAYS_SEARCH_USER_PATHS = NO;
				DEBUG_INFORMATION_FORMAT = "dwarf-with-dsym";
				CONFIGURATION_BUILD_DIR = ../src/totest;
				GCC_DYNAMIC_NO_PIC = NO;
				GCC_MODEL_TUNING = G5;
				INSTALL_PATH = /usr/local/bin;
				PRODUCT_NAME = "totest";
			};
			name = "Release";
		};
		2FCC22BC785B570325C960EC /* Debug */ = {
			isa = XCBuildConfiguration;
			buildSettings = {
				ARCHS = "$(NATIVE_ARCH_ACTUAL)";
				CONFIGURATION_BUILD_DIR = "$(SYMROOT)";
				CONFIGURATION_TEMP_DIR = "$(OBJROOT)";
				COPY_PHASE_STRIP = NO;
				GCC_C_LANGUAGE_STANDARD = gnu99;
				GCC_ENABLE_FIX_AND_CONTINUE = YES;
				GCC_OPTIMIZATION_LEVEL = 0;
				GCC_PREPROCESSOR_DEFINITIONS = (
					"DEBUG",
				);
				GCC_WARN_ABOUT_RETURN_TYPE = YES;
				GCC_WARN_UNUSED_VARIABLE = YES;
				HEADER_SEARCH_PATHS = (
					"../src",
					"/usr/local/include",
					"/opt/local/include",
				);
				LIBRARY_SEARCH_PATHS = (
					"/usr/local/lib",
					"/opt/local/lib",
				);
				OBJROOT = "../obj/Debug/totest";
				ONLY_ACTIVE_ARCH = NO;
				OTHER_CFLAGS = (
					"-fvisibility=default",
				);
				OTHER_LDFLAGS = (
					"-ltinyxml2",
				);
				PREBINDING = NO;
				SYMROOT = "../src/totest";
			};
			name = "Debug";
		};
		0948008945B63CF91FD623EB /* Release */ = {
			isa = XCBuildConfiguration;
			buildSettings = {
				ARCHS = "$(NATIVE_ARCH_ACTUAL)";
				CONFIGURATION_BUILD_DIR = "$(SYMROOT)";
				CONFIGURATION_TEMP_DIR = "$(OBJROOT)";
				GCC_C_LANGUAGE_STANDARD = gnu99;
				GCC_OPTIMIZATION_LEVEL = s;
				GCC_PREPROCESSOR_DEFINITIONS = (
					"NDEBUG",
				);
				GCC_WARN_ABOUT_RETURN_TYPE = YES;
				GCC_WARN_UNUSED_VARIABLE = YES;
				HEADER_SEARCH_PATHS = (
					"../src",
					"/usr/local/include",
					"/opt/local/include",
				);
				LIBRARY_SEARCH_PATHS = (
					"/usr/local/lib",
					"/opt/local/lib",
				);
				OBJROOT = "../obj/Release/totest";
				ONLY_ACTIVE_ARCH = NO;
				OTHER_CFLAGS = (
					"-fvisibility=default",
				);
				OTHER_LDFLAGS = (
					"-ltinyxml2",
				);
				PREBINDING = NO;
				SYMROOT = "../src/totest";
			};
			name = "Release";
		};
/* End XCBuildConfiguration section */

/* Begin XCConfigurationList section */
		3D3D1FBC00FB137A535F26BC /* Build configuration list for PBXNativeTarget "totest" */ = {
			isa = XCConfigurationList;
			buildConfigurations = (
				553F31516366614440362819 /* Debug */,
				548925821598362B7E774ABA /* Release */,
			);
			defaultConfigurationIsVisible = 0;
			defaultConfigurationName = "Debug";
		};
		1DEB928908733DD80010E9CD /* Build configuration list for PBXProject "totest" */ = {
			isa = XCConfigurationList;
			buildConfigurations = (
				2FCC22BC785B570325C960EC /* Debug */,
				0948008945B63CF91FD623EB /* Release */,
			);
			defaultConfigurationIsVisible = 0;
			defaultConfigurationName = "Debug";
		};
/* End XCConfigurationList section */

	};
	rootObject = 08FB7793FE84155DC02AAC07 /* Project object */;
}
