// !$*UTF8*$!
{
	archiveVersion = 1;
	classes = {
	};
	objectVersion = 45;
	objects = {

/* Begin PBXBuildFile section */
		74C741F75D0512945123596C /* main.cpp in Sources */ = {isa = PBXBuildFile; fileRef = 69691DCB214A419F386C4F91 /* main.cpp */; };
		784660C12CC41A3D42A573EC /* libtinyobject.a in Frameworks */ = {isa = PBXBuildFile; fileRef = 35F249E705C631B421456F77 /* libtinyobject.a */; };
/* End PBXBuildFile section */

/* Begin PBXContainerItemProxy section */
		18C4728F29606015401613C5 /* PBXContainerItemProxy */ = {
			isa = PBXContainerItemProxy;
			containerPortal = 4F0D734D479E5929487A59E8 /* tinyobject.xcodeproj */;
			proxyType = 2;
			remoteGlobalIDString = 334841506D3631D319A001C7;
			remoteInfo = "libtinyobject.a";
		};
		15A675C37DD270442EAE3D48 /* PBXContainerItemProxy */ = {
			isa = PBXContainerItemProxy;
			containerPortal = 4F0D734D479E5929487A59E8 /* tinyobject.xcodeproj */;
			proxyType = 1;
			remoteGlobalIDString = 624D2EF7147E75A81008133A;
			remoteInfo = "libtinyobject.a";
		};
/* End PBXContainerItemProxy section */

/* Begin PBXFileReference section */
		69691DCB214A419F386C4F91 /* main.cpp */ = {isa = PBXFileReference; lastKnownFileType = sourcecode.cpp.cpp; name = "main.cpp"; path = "main.cpp"; sourceTree = "<group>"; };
		4A1C753D1383131F01FF3A78 /* totest */ = {isa = PBXFileReference; explicitFileType = "compiled.mach-o.executable"; includeInIndex = 0; name = "totest"; path = "totest"; sourceTree = BUILT_PRODUCTS_DIR; };
		4F0D734D479E5929487A59E8 /* tinyobject.xcodeproj */ = {isa = PBXFileReference; lastKnownFileType = "wrapper.pb-project"; name = "tinyobject.xcodeproj"; path = "tinyobject.xcodeproj"; sourceTree = SOURCE_ROOT; };
/* End PBXFileReference section */

/* Begin PBXFrameworksBuildPhase section */
		08D027A63FC80A8E20351C20 /* Frameworks */ = {
			isa = PBXFrameworksBuildPhase;
			buildActionMask = 2147483647;
			files = (
				784660C12CC41A3D42A573EC /* libtinyobject.a in Frameworks */,
			);
			runOnlyForDeploymentPostprocessing = 0;
		};
/* End PBXFrameworksBuildPhase section */

/* Begin PBXGroup section */
		28545F4813C116790B531621 /* totest */ = {
			isa = PBXGroup;
			children = (
				572761A728D433CD00381DBF /* src */,
				527F30600F5721510CB61784 /* Products */,
				14B85C023E4957C74E2C5C20 /* Projects */,
			);
			name = "totest";
			sourceTree = "<group>";
		};
		572761A728D433CD00381DBF /* src */ = {
			isa = PBXGroup;
			children = (
				148005192E853FC732F518AE /* totest */,
			);
			name = "src";
			path = ../src;
			sourceTree = "<group>";
		};
		148005192E853FC732F518AE /* totest */ = {
			isa = PBXGroup;
			children = (
				69691DCB214A419F386C4F91 /* main.cpp */,
			);
			name = "totest";
			path = totest;
			sourceTree = "<group>";
		};
		527F30600F5721510CB61784 /* Products */ = {
			isa = PBXGroup;
			children = (
				4A1C753D1383131F01FF3A78 /* totest */,
			);
			name = "Products";
			sourceTree = "<group>";
		};
		14B85C023E4957C74E2C5C20 /* Projects */ = {
			isa = PBXGroup;
			children = (
				4F0D734D479E5929487A59E8 /* tinyobject.xcodeproj */,
			);
			name = "Projects";
			sourceTree = "<group>";
		};
		7F8D12050C4659C5422D21CC /* Products */ = {
			isa = PBXGroup;
			children = (
				35F249E705C631B421456F77 /* libtinyobject.a */,
			);
			name = Products;
			sourceTree = "<group>";
		};
/* End PBXGroup section */

/* Begin PBXNativeTarget section */
		3820703623B95F0342711ED7 /* totest */ = {
			isa = PBXNativeTarget;
			buildConfigurationList = 0C5F388B41DF48993E670BA5 /* Build configuration list for PBXNativeTarget "totest" */;
			buildPhases = (
				054C6AD413AD45E9747A0643 /* Resources */,
				45D5340D572F5B271A9411DC /* Sources */,
				08D027A63FC80A8E20351C20 /* Frameworks */,
			);
			buildRules = (
			);
			dependencies = (
				661511A62A406FCB1C8B16F6 /* PBXTargetDependency */,
			);
			name = "totest";
			productInstallPath = "$(HOME)/bin";
			productName = "totest";
			productReference = 4A1C753D1383131F01FF3A78 /* totest */;
			productType = "com.apple.product-type.tool";
		};
/* End PBXNativeTarget section */

/* Begin PBXProject section */
		08FB7793FE84155DC02AAC07 /* Project object */ = {
			isa = PBXProject;
			buildConfigurationList = 1DEB928908733DD80010E9CD /* Build configuration list for PBXProject "totest" */;
			compatibilityVersion = "Xcode 3.1";
			hasScannedForEncodings = 1;
			mainGroup = 28545F4813C116790B531621 /* totest */;
			projectDirPath = "";
			projectReferences = (
				{
					ProductGroup = 7F8D12050C4659C5422D21CC /* Products */;
					ProjectRef = 4F0D734D479E5929487A59E8 /* tinyobject.xcodeproj */;
				},
			);
			projectRoot = "";
			targets = (
				3820703623B95F0342711ED7 /* totest */,
			);
		};
/* End PBXProject section */

/* Begin PBXReferenceProxy section */
		35F249E705C631B421456F77 /* libtinyobject.a */ = {
			isa = PBXReferenceProxy;
			fileType = archive.ar;
			path = "../src/tinyobject/libtinyobject.a";
			remoteRef = 18C4728F29606015401613C5 /* PBXContainerItemProxy */;
			sourceTree = BUILT_PRODUCTS_DIR;
		};
/* End PBXReferenceProxy section */

/* Begin PBXResourcesBuildPhase section */
		054C6AD413AD45E9747A0643 /* Resources */ = {
			isa = PBXResourcesBuildPhase;
			buildActionMask = 2147483647;
			files = (
			);
			runOnlyForDeploymentPostprocessing = 0;
		};
/* End PBXResourcesBuildPhase section */

/* Begin PBXSourcesBuildPhase section */
		45D5340D572F5B271A9411DC /* Sources */ = {
			isa = PBXSourcesBuildPhase;
			buildActionMask = 2147483647;
			files = (
				74C741F75D0512945123596C /* main.cpp in Sources */,
			);
			runOnlyForDeploymentPostprocessing = 0;
		};
/* End PBXSourcesBuildPhase section */

/* Begin PBXVariantGroup section */
/* End PBXVariantGroup section */

/* Begin PBXTargetDependency section */
		661511A62A406FCB1C8B16F6 /* PBXTargetDependency */ = {
			isa = PBXTargetDependency;
			name = "libtinyobject.a";
			targetProxy = 15A675C37DD270442EAE3D48 /* PBXContainerItemProxy */;
		};
/* End PBXTargetDependency section */

/* Begin XCBuildConfiguration section */
		5CA773F22D2D7CC17A246034 /* Debug */ = {
			isa = XCBuildConfiguration;
			buildSettings = {
				ALWAYS_SEARCH_USER_PATHS = NO;
				CONFIGURATION_BUILD_DIR = ../src/totest;
				GCC_DYNAMIC_NO_PIC = NO;
				GCC_MODEL_TUNING = G5;
				INSTALL_PATH = /usr/local/bin;
				PRODUCT_NAME = "totest";
			};
			name = "Debug";
		};
		3C0307C266F15C4826D03DC2 /* Release */ = {
			isa = XCBuildConfiguration;
			buildSettings = {
				ALWAYS_SEARCH_USER_PATHS = NO;
				DEBUG_INFORMATION_FORMAT = "dwarf-with-dsym";
				CONFIGURATION_BUILD_DIR = ../src/totest;
				GCC_DYNAMIC_NO_PIC = NO;
				GCC_MODEL_TUNING = G5;
				INSTALL_PATH = /usr/local/bin;
				PRODUCT_NAME = "totest";
			};
			name = "Release";
		};
		2D466431607A05377C573529 /* Debug */ = {
			isa = XCBuildConfiguration;
			buildSettings = {
				ARCHS = "$(NATIVE_ARCH_ACTUAL)";
				CONFIGURATION_BUILD_DIR = "$(SYMROOT)";
				CONFIGURATION_TEMP_DIR = "$(OBJROOT)";
				COPY_PHASE_STRIP = NO;
				GCC_C_LANGUAGE_STANDARD = gnu99;
				GCC_ENABLE_FIX_AND_CONTINUE = YES;
				GCC_OPTIMIZATION_LEVEL = 0;
				GCC_PREPROCESSOR_DEFINITIONS = (
					"DEBUG",
				);
				GCC_WARN_ABOUT_RETURN_TYPE = YES;
				GCC_WARN_UNUSED_VARIABLE = YES;
				HEADER_SEARCH_PATHS = (
					"../src",
					"/usr/local/include",
					"/opt/local/include",
				);
				LIBRARY_SEARCH_PATHS = (
					"/usr/local/lib",
					"/opt/local/lib",
				);
				OBJROOT = "obj/Debug/totest";
				ONLY_ACTIVE_ARCH = NO;
				OTHER_CFLAGS = (
					"-fvisibility=default",
				);
				OTHER_LDFLAGS = (
					"-ltinyxml2",
				);
				PREBINDING = NO;
				SYMROOT = "../src/totest";
			};
			name = "Debug";
		};
		28C20CE6558E145A514F45B5 /* Release */ = {
			isa = XCBuildConfiguration;
			buildSettings = {
				ARCHS = "$(NATIVE_ARCH_ACTUAL)";
				CONFIGURATION_BUILD_DIR = "$(SYMROOT)";
				CONFIGURATION_TEMP_DIR = "$(OBJROOT)";
				GCC_C_LANGUAGE_STANDARD = gnu99;
				GCC_OPTIMIZATION_LEVEL = s;
				GCC_PREPROCESSOR_DEFINITIONS = (
					"NDEBUG",
				);
				GCC_WARN_ABOUT_RETURN_TYPE = YES;
				GCC_WARN_UNUSED_VARIABLE = YES;
				HEADER_SEARCH_PATHS = (
					"../src",
					"/usr/local/include",
					"/opt/local/include",
				);
				LIBRARY_SEARCH_PATHS = (
					"/usr/local/lib",
					"/opt/local/lib",
				);
				OBJROOT = "obj/Release/totest";
				ONLY_ACTIVE_ARCH = NO;
				OTHER_CFLAGS = (
					"-fvisibility=default",
				);
				OTHER_LDFLAGS = (
					"-ltinyxml2",
				);
				PREBINDING = NO;
				SYMROOT = "../src/totest";
			};
			name = "Release";
		};
/* End XCBuildConfiguration section */

/* Begin XCConfigurationList section */
		0C5F388B41DF48993E670BA5 /* Build configuration list for PBXNativeTarget "totest" */ = {
			isa = XCConfigurationList;
			buildConfigurations = (
				5CA773F22D2D7CC17A246034 /* Debug */,
				3C0307C266F15C4826D03DC2 /* Release */,
			);
			defaultConfigurationIsVisible = 0;
			defaultConfigurationName = "Debug";
		};
		1DEB928908733DD80010E9CD /* Build configuration list for PBXProject "totest" */ = {
			isa = XCConfigurationList;
			buildConfigurations = (
				2D466431607A05377C573529 /* Debug */,
				28C20CE6558E145A514F45B5 /* Release */,
			);
			defaultConfigurationIsVisible = 0;
			defaultConfigurationName = "Debug";
		};
/* End XCConfigurationList section */

	};
	rootObject = 08FB7793FE84155DC02AAC07 /* Project object */;
}
