// !$*UTF8*$!
{
	archiveVersion = 1;
	classes = {
	};
	objectVersion = 45;
	objects = {

/* Begin PBXBuildFile section */
		3EC23CB74A9908B60153242C /* XML.cpp in Sources */ = {isa = PBXBuildFile; fileRef = 3CEC64F40234344A74523AAB /* XML.cpp */; };
		79EC017A7C812E67138E6E92 /* XMLObject.cpp in Sources */ = {isa = PBXBuildFile; fileRef = 2C553C9A3D653C241E87674B /* XMLObject.cpp */; };
/* End PBXBuildFile section */

/* Begin PBXFileReference section */
		7F4E0B1F523753AA49043942 /* Log.h */ = {isa = PBXFileReference; lastKnownFileType = sourcecode.c.h; name = "Log.h"; path = "Log.h"; sourceTree = "<group>"; };
		3CEC64F40234344A74523AAB /* XML.cpp */ = {isa = PBXFileReference; lastKnownFileType = sourcecode.cpp.cpp; name = "XML.cpp"; path = "XML.cpp"; sourceTree = "<group>"; };
		74F134E54BA7708B5DD15BB6 /* XML.h */ = {isa = PBXFileReference; lastKnownFileType = sourcecode.c.h; name = "XML.h"; path = "XML.h"; sourceTree = "<group>"; };
		2C553C9A3D653C241E87674B /* XMLObject.cpp */ = {isa = PBXFileReference; lastKnownFileType = sourcecode.cpp.cpp; name = "XMLObject.cpp"; path = "XMLObject.cpp"; sourceTree = "<group>"; };
		6DCB5A44555D00C91A37474B /* XMLObject.h */ = {isa = PBXFileReference; lastKnownFileType = sourcecode.c.h; name = "XMLObject.h"; path = "XMLObject.h"; sourceTree = "<group>"; };
		275E1D4A225C5FFE292556F3 /* tinyobject.h */ = {isa = PBXFileReference; lastKnownFileType = sourcecode.c.h; name = "tinyobject.h"; path = "tinyobject.h"; sourceTree = "<group>"; };
		334841506D3631D319A001C7 /* libtinyobject.a */ = {isa = PBXFileReference; explicitFileType = archive.ar; includeInIndex = 0; name = "libtinyobject.a"; path = "libtinyobject.a"; sourceTree = BUILT_PRODUCTS_DIR; };
/* End PBXFileReference section */

/* Begin PBXFrameworksBuildPhase section */
		1E4436EB3DFD5C082A006C78 /* Frameworks */ = {
			isa = PBXFrameworksBuildPhase;
			buildActionMask = 2147483647;
			files = (
			);
			runOnlyForDeploymentPostprocessing = 0;
		};
/* End PBXFrameworksBuildPhase section */

/* Begin PBXGroup section */
		1F064DD23D0B502E0C194249 /* tinyobject */ = {
			isa = PBXGroup;
			children = (
				7F0A24EE27393B8A79480196 /* src */,
				23B160FD21B97C393CA6644F /* Products */,
			);
			name = "tinyobject";
			sourceTree = "<group>";
		};
		7F0A24EE27393B8A79480196 /* src */ = {
			isa = PBXGroup;
			children = (
				3B7D2DE940B33D4068FD4700 /* tinyobject */,
			);
			name = "src";
			path = ../src;
			sourceTree = "<group>";
		};
		3B7D2DE940B33D4068FD4700 /* tinyobject */ = {
			isa = PBXGroup;
			children = (
				7F4E0B1F523753AA49043942 /* Log.h */,
				3CEC64F40234344A74523AAB /* XML.cpp */,
				74F134E54BA7708B5DD15BB6 /* XML.h */,
				2C553C9A3D653C241E87674B /* XMLObject.cpp */,
				6DCB5A44555D00C91A37474B /* XMLObject.h */,
				275E1D4A225C5FFE292556F3 /* tinyobject.h */,
			);
			name = "tinyobject";
			path = tinyobject;
			sourceTree = "<group>";
		};
		23B160FD21B97C393CA6644F /* Products */ = {
			isa = PBXGroup;
			children = (
				334841506D3631D319A001C7 /* libtinyobject.a */,
			);
			name = "Products";
			sourceTree = "<group>";
		};
/* End PBXGroup section */

/* Begin PBXNativeTarget section */
		624D2EF7147E75A81008133A /* tinyobject */ = {
			isa = PBXNativeTarget;
			buildConfigurationList = 28895FA008984073490C6050 /* Build configuration list for PBXNativeTarget "tinyobject" */;
			buildPhases = (
				31A572E273F234C129194F52 /* Resources */,
				2DB766D552CE5EC301491A89 /* Sources */,
				1E4436EB3DFD5C082A006C78 /* Frameworks */,
			);
			buildRules = (
			);
			dependencies = (
			);
			name = "tinyobject";
			productName = "tinyobject";
			productReference = 334841506D3631D319A001C7 /* libtinyobject.a */;
			productType = "com.apple.product-type.library.static";
		};
/* End PBXNativeTarget section */

/* Begin PBXProject section */
		08FB7793FE84155DC02AAC07 /* Project object */ = {
			isa = PBXProject;
			buildConfigurationList = 1DEB928908733DD80010E9CD /* Build configuration list for PBXProject "tinyobject" */;
			compatibilityVersion = "Xcode 3.1";
			hasScannedForEncodings = 1;
			mainGroup = 1F064DD23D0B502E0C194249 /* tinyobject */;
			projectDirPath = "";
			projectRoot = "";
			targets = (
				624D2EF7147E75A81008133A /* libtinyobject.a */,
			);
		};
/* End PBXProject section */

/* Begin PBXResourcesBuildPhase section */
		31A572E273F234C129194F52 /* Resources */ = {
			isa = PBXResourcesBuildPhase;
			buildActionMask = 2147483647;
			files = (
			);
			runOnlyForDeploymentPostprocessing = 0;
		};
/* End PBXResourcesBuildPhase section */

/* Begin PBXSourcesBuildPhase section */
		2DB766D552CE5EC301491A89 /* Sources */ = {
			isa = PBXSourcesBuildPhase;
			buildActionMask = 2147483647;
			files = (
				3EC23CB74A9908B60153242C /* XML.cpp in Sources */,
				79EC017A7C812E67138E6E92 /* XMLObject.cpp in Sources */,
			);
			runOnlyForDeploymentPostprocessing = 0;
		};
/* End PBXSourcesBuildPhase section */

/* Begin PBXVariantGroup section */
/* End PBXVariantGroup section */

/* Begin XCBuildConfiguration section */
		417F1647309A0105283343F9 /* Debug */ = {
			isa = XCBuildConfiguration;
			buildSettings = {
				ALWAYS_SEARCH_USER_PATHS = NO;
				CONFIGURATION_BUILD_DIR = ../src/tinyobject;
				GCC_DYNAMIC_NO_PIC = NO;
				GCC_MODEL_TUNING = G5;
				INSTALL_PATH = /usr/local/lib;
				PRODUCT_NAME = "tinyobject";
			};
			name = "Debug";
		};
		1CB06D0852374E6C1DD92EAE /* Release */ = {
			isa = XCBuildConfiguration;
			buildSettings = {
				ALWAYS_SEARCH_USER_PATHS = NO;
				DEBUG_INFORMATION_FORMAT = "dwarf-with-dsym";
				CONFIGURATION_BUILD_DIR = ../src/tinyobject;
				GCC_DYNAMIC_NO_PIC = NO;
				GCC_MODEL_TUNING = G5;
				INSTALL_PATH = /usr/local/lib;
				PRODUCT_NAME = "tinyobject";
			};
			name = "Release";
		};
		463548144E622803184458B0 /* Debug */ = {
			isa = XCBuildConfiguration;
			buildSettings = {
				ARCHS = "$(NATIVE_ARCH_ACTUAL)";
				CONFIGURATION_BUILD_DIR = "$(SYMROOT)";
				CONFIGURATION_TEMP_DIR = "$(OBJROOT)";
				COPY_PHASE_STRIP = NO;
				GCC_C_LANGUAGE_STANDARD = gnu99;
				GCC_ENABLE_FIX_AND_CONTINUE = YES;
				GCC_OPTIMIZATION_LEVEL = 0;
				GCC_PREPROCESSOR_DEFINITIONS = (
					"DEBUG",
				);
				GCC_WARN_ABOUT_RETURN_TYPE = YES;
				GCC_WARN_UNUSED_VARIABLE = YES;
				HEADER_SEARCH_PATHS = (
					"/usr/local/include",
					"/opt/local/include",
				);
				LIBRARY_SEARCH_PATHS = (
					"/usr/local/lib",
					"/opt/local/lib",
				);
				OBJROOT = "obj/Debug/tinyobject";
				ONLY_ACTIVE_ARCH = NO;
				OTHER_CFLAGS = (
					"-fvisibility=default",
				);
				PREBINDING = NO;
				SYMROOT = "../src/tinyobject";
			};
			name = "Debug";
		};
		2E0F68AC1A161CAD347059A2 /* Release */ = {
			isa = XCBuildConfiguration;
			buildSettings = {
				ARCHS = "$(NATIVE_ARCH_ACTUAL)";
				CONFIGURATION_BUILD_DIR = "$(SYMROOT)";
				CONFIGURATION_TEMP_DIR = "$(OBJROOT)";
				GCC_C_LANGUAGE_STANDARD = gnu99;
				GCC_OPTIMIZATION_LEVEL = s;
				GCC_PREPROCESSOR_DEFINITIONS = (
					"NDEBUG",
				);
				GCC_WARN_ABOUT_RETURN_TYPE = YES;
				GCC_WARN_UNUSED_VARIABLE = YES;
				HEADER_SEARCH_PATHS = (
					"/usr/local/include",
					"/opt/local/include",
				);
				LIBRARY_SEARCH_PATHS = (
					"/usr/local/lib",
					"/opt/local/lib",
				);
				OBJROOT = "obj/Release/tinyobject";
				ONLY_ACTIVE_ARCH = NO;
				OTHER_CFLAGS = (
					"-fvisibility=default",
				);
				PREBINDING = NO;
				SYMROOT = "../src/tinyobject";
			};
			name = "Release";
		};
/* End XCBuildConfiguration section */

/* Begin XCConfigurationList section */
		28895FA008984073490C6050 /* Build configuration list for PBXNativeTarget "libtinyobject.a" */ = {
			isa = XCConfigurationList;
			buildConfigurations = (
				417F1647309A0105283343F9 /* Debug */,
				1CB06D0852374E6C1DD92EAE /* Release */,
			);
			defaultConfigurationIsVisible = 0;
			defaultConfigurationName = "Debug";
		};
		1DEB928908733DD80010E9CD /* Build configuration list for PBXProject "tinyobject" */ = {
			isa = XCConfigurationList;
			buildConfigurations = (
				463548144E622803184458B0 /* Debug */,
				2E0F68AC1A161CAD347059A2 /* Release */,
			);
			defaultConfigurationIsVisible = 0;
			defaultConfigurationName = "Debug";
		};
/* End XCConfigurationList section */

	};
	rootObject = 08FB7793FE84155DC02AAC07 /* Project object */;
}
