// !$*UTF8*$!
{
	archiveVersion = 1;
	classes = {
	};
	objectVersion = 45;
	objects = {

/* Begin PBXBuildFile section */
		619D30C71178171052B165AB /* Xml.cpp in Sources */ = {isa = PBXBuildFile; fileRef = 56653DDD7B08708A1F127D45 /* Xml.cpp */; };
		3EDA741127176530409102D9 /* XmlObject.cpp in Sources */ = {isa = PBXBuildFile; fileRef = 2BBD3B4D72BD6B412CAA7AEA /* XmlObject.cpp */; };
		124519106B437F3D0C0801F6 /* tinystr.cpp in Sources */ = {isa = PBXBuildFile; fileRef = 604A233A6FA62DC31AD27715 /* tinystr.cpp */; };
		76203C9C34B2270C235F39C0 /* tinyxml.cpp in Sources */ = {isa = PBXBuildFile; fileRef = 18D80D0D01A04B5574CB3B78 /* tinyxml.cpp */; };
		3E6D00BF1E807EFA5CF23887 /* tinyxmlerror.cpp in Sources */ = {isa = PBXBuildFile; fileRef = 0F62001F2A3D197179B846C9 /* tinyxmlerror.cpp */; };
		570D4479166155830C812693 /* tinyxmlparser.cpp in Sources */ = {isa = PBXBuildFile; fileRef = 40ED384E23A47595494D7F17 /* tinyxmlparser.cpp */; };
/* End PBXBuildFile section */

/* Begin PBXFileReference section */
		169C66867F7625110379010A /* Log.h */ = {isa = PBXFileReference; lastKnownFileType = sourcecode.c.h; name = "Log.h"; path = "Log.h"; sourceTree = "<group>"; };
		56653DDD7B08708A1F127D45 /* Xml.cpp */ = {isa = PBXFileReference; lastKnownFileType = sourcecode.cpp.cpp; name = "Xml.cpp"; path = "Xml.cpp"; sourceTree = "<group>"; };
		73623A755A0F1E663C113CB5 /* Xml.h */ = {isa = PBXFileReference; lastKnownFileType = sourcecode.c.h; name = "Xml.h"; path = "Xml.h"; sourceTree = "<group>"; };
		2BBD3B4D72BD6B412CAA7AEA /* XmlObject.cpp */ = {isa = PBXFileReference; lastKnownFileType = sourcecode.cpp.cpp; name = "XmlObject.cpp"; path = "XmlObject.cpp"; sourceTree = "<group>"; };
		132F194647A54CA6382F22C5 /* XmlObject.h */ = {isa = PBXFileReference; lastKnownFileType = sourcecode.c.h; name = "XmlObject.h"; path = "XmlObject.h"; sourceTree = "<group>"; };
		604A233A6FA62DC31AD27715 /* tinystr.cpp */ = {isa = PBXFileReference; lastKnownFileType = sourcecode.cpp.cpp; name = "tinystr.cpp"; path = "tinystr.cpp"; sourceTree = "<group>"; };
		4D2016BF5C361A1B100D6AEF /* tinystr.h */ = {isa = PBXFileReference; lastKnownFileType = sourcecode.c.h; name = "tinystr.h"; path = "tinystr.h"; sourceTree = "<group>"; };
		18D80D0D01A04B5574CB3B78 /* tinyxml.cpp */ = {isa = PBXFileReference; lastKnownFileType = sourcecode.cpp.cpp; name = "tinyxml.cpp"; path = "tinyxml.cpp"; sourceTree = "<group>"; };
		19F66E36420E2E4B47E7386D /* tinyxml.h */ = {isa = PBXFileReference; lastKnownFileType = sourcecode.c.h; name = "tinyxml.h"; path = "tinyxml.h"; sourceTree = "<group>"; };
		0F62001F2A3D197179B846C9 /* tinyxmlerror.cpp */ = {isa = PBXFileReference; lastKnownFileType = sourcecode.cpp.cpp; name = "tinyxmlerror.cpp"; path = "tinyxmlerror.cpp"; sourceTree = "<group>"; };
		40ED384E23A47595494D7F17 /* tinyxmlparser.cpp */ = {isa = PBXFileReference; lastKnownFileType = sourcecode.cpp.cpp; name = "tinyxmlparser.cpp"; path = "tinyxmlparser.cpp"; sourceTree = "<group>"; };
		309327E06A9C2B207B4E66A7 /* xmlframework.h */ = {isa = PBXFileReference; lastKnownFileType = sourcecode.c.h; name = "xmlframework.h"; path = "xmlframework.h"; sourceTree = "<group>"; };
		08AF3DBE352B515018415AE9 /* libxmlframework.a */ = {isa = PBXFileReference; explicitFileType = archive.ar; includeInIndex = 0; name = "libxmlframework.a"; path = "libxmlframework.a"; sourceTree = BUILT_PRODUCTS_DIR; };
/* End PBXFileReference section */

/* Begin PBXFrameworksBuildPhase section */
		56C75F3C7A0F0CFB461D2143 /* Frameworks */ = {
			isa = PBXFrameworksBuildPhase;
			buildActionMask = 2147483647;
			files = (
			);
			runOnlyForDeploymentPostprocessing = 0;
		};
/* End PBXFrameworksBuildPhase section */

/* Begin PBXGroup section */
		2E8149D61B52277376211B27 /* xmlframework */ = {
			isa = PBXGroup;
			children = (
				57B0697E61167A9011036B3E /* src */,
				1BE85BC5231371802DB62F3E /* Products */,
			);
			name = "xmlframework";
			sourceTree = "<group>";
		};
		57B0697E61167A9011036B3E /* src */ = {
			isa = PBXGroup;
			children = (
				34847FB901024CC94C9D6C98 /* xmlframework */,
			);
			name = "src";
			path = ../src;
			sourceTree = "<group>";
		};
		34847FB901024CC94C9D6C98 /* xmlframework */ = {
			isa = PBXGroup;
			children = (
				169C66867F7625110379010A /* Log.h */,
				56653DDD7B08708A1F127D45 /* Xml.cpp */,
				73623A755A0F1E663C113CB5 /* Xml.h */,
				2BBD3B4D72BD6B412CAA7AEA /* XmlObject.cpp */,
				132F194647A54CA6382F22C5 /* XmlObject.h */,
				6AFE6D67283D70C4717D5E79 /* tinyxml */,
				309327E06A9C2B207B4E66A7 /* xmlframework.h */,
			);
			name = "xmlframework";
			path = xmlframework;
			sourceTree = "<group>";
		};
		6AFE6D67283D70C4717D5E79 /* tinyxml */ = {
			isa = PBXGroup;
			children = (
				604A233A6FA62DC31AD27715 /* tinystr.cpp */,
				4D2016BF5C361A1B100D6AEF /* tinystr.h */,
				18D80D0D01A04B5574CB3B78 /* tinyxml.cpp */,
				19F66E36420E2E4B47E7386D /* tinyxml.h */,
				0F62001F2A3D197179B846C9 /* tinyxmlerror.cpp */,
				40ED384E23A47595494D7F17 /* tinyxmlparser.cpp */,
			);
			name = "tinyxml";
			path = tinyxml;
			sourceTree = "<group>";
		};
		1BE85BC5231371802DB62F3E /* Products */ = {
			isa = PBXGroup;
			children = (
				08AF3DBE352B515018415AE9 /* libxmlframework.a */,
			);
			name = "Products";
			sourceTree = "<group>";
		};
/* End PBXGroup section */

/* Begin PBXNativeTarget section */
		02796EF25C6060815EC652B5 /* xmlframework */ = {
			isa = PBXNativeTarget;
			buildConfigurationList = 4EBA19BA41D27A05187A762F /* Build configuration list for PBXNativeTarget "xmlframework" */;
			buildPhases = (
				23FD47DD1C132898279951C3 /* Resources */,
				792831BB71FB560D1736062E /* Sources */,
				56C75F3C7A0F0CFB461D2143 /* Frameworks */,
			);
			buildRules = (
			);
			dependencies = (
			);
			name = "xmlframework";
			productName = "xmlframework";
			productReference = 08AF3DBE352B515018415AE9 /* libxmlframework.a */;
			productType = "com.apple.product-type.library.static";
		};
/* End PBXNativeTarget section */

/* Begin PBXProject section */
		08FB7793FE84155DC02AAC07 /* Project object */ = {
			isa = PBXProject;
			buildConfigurationList = 1DEB928908733DD80010E9CD /* Build configuration list for PBXProject "xmlframework" */;
			compatibilityVersion = "Xcode 3.1";
			hasScannedForEncodings = 1;
			mainGroup = 2E8149D61B52277376211B27 /* xmlframework */;
			projectDirPath = "";
			projectRoot = "";
			targets = (
				02796EF25C6060815EC652B5 /* libxmlframework.a */,
			);
		};
/* End PBXProject section */

/* Begin PBXResourcesBuildPhase section */
		23FD47DD1C132898279951C3 /* Resources */ = {
			isa = PBXResourcesBuildPhase;
			buildActionMask = 2147483647;
			files = (
			);
			runOnlyForDeploymentPostprocessing = 0;
		};
/* End PBXResourcesBuildPhase section */

/* Begin PBXSourcesBuildPhase section */
		792831BB71FB560D1736062E /* Sources */ = {
			isa = PBXSourcesBuildPhase;
			buildActionMask = 2147483647;
			files = (
				619D30C71178171052B165AB /* Xml.cpp in Sources */,
				3EDA741127176530409102D9 /* XmlObject.cpp in Sources */,
				124519106B437F3D0C0801F6 /* tinystr.cpp in Sources */,
				76203C9C34B2270C235F39C0 /* tinyxml.cpp in Sources */,
				3E6D00BF1E807EFA5CF23887 /* tinyxmlerror.cpp in Sources */,
				570D4479166155830C812693 /* tinyxmlparser.cpp in Sources */,
			);
			runOnlyForDeploymentPostprocessing = 0;
		};
/* End PBXSourcesBuildPhase section */

/* Begin PBXVariantGroup section */
/* End PBXVariantGroup section */

/* Begin XCBuildConfiguration section */
		7DB73367463E18572A641F88 /* Debug */ = {
			isa = XCBuildConfiguration;
			buildSettings = {
				ALWAYS_SEARCH_USER_PATHS = NO;
				CONFIGURATION_BUILD_DIR = ../src/xmlframework;
				GCC_DYNAMIC_NO_PIC = NO;
				GCC_MODEL_TUNING = G5;
				INSTALL_PATH = /usr/local/lib;
				PRODUCT_NAME = "xmlframework";
			};
			name = "Debug";
		};
		71DE328C46A840405340312D /* Release */ = {
			isa = XCBuildConfiguration;
			buildSettings = {
				ALWAYS_SEARCH_USER_PATHS = NO;
				DEBUG_INFORMATION_FORMAT = "dwarf-with-dsym";
				CONFIGURATION_BUILD_DIR = ../src/xmlframework;
				GCC_DYNAMIC_NO_PIC = NO;
				GCC_MODEL_TUNING = G5;
				INSTALL_PATH = /usr/local/lib;
				PRODUCT_NAME = "xmlframework";
			};
			name = "Release";
		};
		536109D642E418C34DFE6651 /* Debug */ = {
			isa = XCBuildConfiguration;
			buildSettings = {
				ARCHS = "$(NATIVE_ARCH_ACTUAL)";
				CONFIGURATION_BUILD_DIR = "$(SYMROOT)";
				CONFIGURATION_TEMP_DIR = "$(OBJROOT)";
				COPY_PHASE_STRIP = NO;
				GCC_C_LANGUAGE_STANDARD = gnu99;
				GCC_ENABLE_FIX_AND_CONTINUE = YES;
				GCC_OPTIMIZATION_LEVEL = 0;
				GCC_PREPROCESSOR_DEFINITIONS = (
					"DEBUG",
				);
				GCC_WARN_ABOUT_RETURN_TYPE = YES;
				GCC_WARN_UNUSED_VARIABLE = YES;
				HEADER_SEARCH_PATHS = (
					"/usr/local/include",
					"/opt/local/include",
				);
				LIBRARY_SEARCH_PATHS = (
					"/usr/local/lib",
					"/opt/local/lib",
				);
				OBJROOT = "../obj/Debug/xmlframework";
				ONLY_ACTIVE_ARCH = NO;
				OTHER_CFLAGS = (
					"-fvisibility=default",
				);
				PREBINDING = NO;
				SYMROOT = "../src/xmlframework";
			};
			name = "Debug";
		};
		429C228C4050455634752C13 /* Release */ = {
			isa = XCBuildConfiguration;
			buildSettings = {
				ARCHS = "$(NATIVE_ARCH_ACTUAL)";
				CONFIGURATION_BUILD_DIR = "$(SYMROOT)";
				CONFIGURATION_TEMP_DIR = "$(OBJROOT)";
				GCC_C_LANGUAGE_STANDARD = gnu99;
				GCC_OPTIMIZATION_LEVEL = s;
				GCC_PREPROCESSOR_DEFINITIONS = (
					"NDEBUG",
				);
				GCC_WARN_ABOUT_RETURN_TYPE = YES;
				GCC_WARN_UNUSED_VARIABLE = YES;
				HEADER_SEARCH_PATHS = (
					"/usr/local/include",
					"/opt/local/include",
				);
				LIBRARY_SEARCH_PATHS = (
					"/usr/local/lib",
					"/opt/local/lib",
				);
				OBJROOT = "../obj/Release/xmlframework";
				ONLY_ACTIVE_ARCH = NO;
				OTHER_CFLAGS = (
					"-fvisibility=default",
				);
				PREBINDING = NO;
				SYMROOT = "../src/xmlframework";
			};
			name = "Release";
		};
/* End XCBuildConfiguration section */

/* Begin XCConfigurationList section */
		4EBA19BA41D27A05187A762F /* Build configuration list for PBXNativeTarget "libxmlframework.a" */ = {
			isa = XCConfigurationList;
			buildConfigurations = (
				7DB73367463E18572A641F88 /* Debug */,
				71DE328C46A840405340312D /* Release */,
			);
			defaultConfigurationIsVisible = 0;
			defaultConfigurationName = "Debug";
		};
		1DEB928908733DD80010E9CD /* Build configuration list for PBXProject "xmlframework" */ = {
			isa = XCConfigurationList;
			buildConfigurations = (
				536109D642E418C34DFE6651 /* Debug */,
				429C228C4050455634752C13 /* Release */,
			);
			defaultConfigurationIsVisible = 0;
			defaultConfigurationName = "Debug";
		};
/* End XCConfigurationList section */

	};
	rootObject = 08FB7793FE84155DC02AAC07 /* Project object */;
}
