// !$*UTF8*$!
{
	archiveVersion = 1;
	classes = {
	};
	objectVersion = 45;
	objects = {

/* Begin PBXBuildFile section */
		16033E00759E001272804626 /* libxmlframework.a in Frameworks */ = {isa = PBXBuildFile; fileRef = 79B776ED6923001272804626 /* libxmlframework.a */; };
		2B474D0913AF001272804626 /* Main.cpp in Sources */ = {isa = PBXBuildFile; fileRef = 035D79AD5412001272804626 /* Main.cpp */; };
/* End PBXBuildFile section */

/* Begin PBXContainerItemProxy section */
		065422693670001272804626 /* PBXContainerItemProxy */ = {
			isa = PBXContainerItemProxy;
			containerPortal = 365664322732001272804626 /* xmlframework.xcodeproj */;
			proxyType = 2;
			remoteGlobalIDString = 38311F074291001272804626;
			remoteInfo = libxmlframework.a;
		};
		2FC613184905001272804626 /* PBXContainerItemProxy */ = {
			isa = PBXContainerItemProxy;
			containerPortal = 365664322732001272804626 /* xmlframework.xcodeproj */;
			proxyType = 1;
			remoteGlobalIDString = 50572E0221BD001272804626;
			remoteInfo = libxmlframework.a;
		};
/* End PBXContainerItemProxy section */

/* Begin PBXFileReference section */
		035D79AD5412001272804626 /* Main.cpp */ = {isa = PBXFileReference; lastKnownFileType = sourcecode.cpp.cpp; path = Main.cpp; sourceTree = "<group>"; };
		12B607726312001272804626 /* xmltests */ = {isa = PBXFileReference; explicitFileType = "compiled.mach-o.executable"; includeInIndex = 0; path = xmltests; sourceTree = BUILT_PRODUCTS_DIR; };
		365664322732001272804626 /* xmlframework.xcodeproj */ = {isa = PBXFileReference; lastKnownFileType = "wrapper.pb-project"; path = xmlframework.xcodeproj; sourceTree = SOURCE_ROOT; };
/* End PBXFileReference section */

/* Begin PBXFrameworksBuildPhase section */
		64C54C0F2970001272804626 /* Frameworks */ = {
			isa = PBXFrameworksBuildPhase;
			buildActionMask = 2147483647;
			files = (
				16033E00759E001272804626 /* libxmlframework.a in Frameworks */,
			);
			runOnlyForDeploymentPostprocessing = 0;
		};
/* End PBXFrameworksBuildPhase section */

/* Begin PBXGroup section */
		00EE48B7201E001272804626 /* Products */ = {
			isa = PBXGroup;
			children = (
				12B607726312001272804626 /* xmltests */,
			);
			name = Products;
			sourceTree = "<group>";
		};
		22D964635566001272804626 /* xmltests */ = {
			isa = PBXGroup;
			children = (
				5AA079BB0CCD001272804626 /* src */,
				00EE48B7201E001272804626 /* Products */,
				3D72183F79F0001272804626 /* Projects */,
			);
			name = xmltests;
			sourceTree = "<group>";
		};
		264C7FD458A6001272804626 /* tests */ = {
			isa = PBXGroup;
			children = (
				035D79AD5412001272804626 /* Main.cpp */,
			);
			path = tests;
			sourceTree = "<group>";
		};
		35185D477C7F001272804626 /* Products */ = {
			isa = PBXGroup;
			children = (
				79B776ED6923001272804626 /* libxmlframework.a */,
			);
			name = Products;
			sourceTree = "<group>";
		};
		3D72183F79F0001272804626 /* Projects */ = {
			isa = PBXGroup;
			children = (
				365664322732001272804626 /* xmlframework.xcodeproj */,
			);
			name = Projects;
			sourceTree = "<group>";
		};
		5AA079BB0CCD001272804626 /* src */ = {
			isa = PBXGroup;
			children = (
				264C7FD458A6001272804626 /* tests */,
			);
			name = src;
			path = ../src;
			sourceTree = "<group>";
		};
/* End PBXGroup section */

/* Begin PBXNativeTarget section */
		6BE127A41817001272804626 /* xmltests */ = {
			isa = PBXNativeTarget;
			buildConfigurationList = 167B1DD31051001272804626 /* Build configuration list for PBXNativeTarget "xmltests" */;
			buildPhases = (
				52E426575561001272804626 /* Resources */,
				637A61335D68001272804626 /* Sources */,
				64C54C0F2970001272804626 /* Frameworks */,
			);
			buildRules = (
			);
			dependencies = (
				06387FC1762B001272804626 /* PBXTargetDependency */,
			);
			name = xmltests;
			productInstallPath = "$(HOME)/bin";
			productName = xmltests;
			productReference = 12B607726312001272804626 /* xmltests */;
			productType = "com.apple.product-type.tool";
		};
/* End PBXNativeTarget section */

/* Begin PBXProject section */
		08FB7793FE84155DC02AAC07 /* Project object */ = {
			isa = PBXProject;
			buildConfigurationList = 1DEB928908733DD80010E9CD /* Build configuration list for PBXProject "xmltests" */;
			compatibilityVersion = "Xcode 3.1";
			hasScannedForEncodings = 1;
			mainGroup = 22D964635566001272804626 /* xmltests */;
			projectDirPath = "";
			projectReferences = (
				{
					ProductGroup = 35185D477C7F001272804626 /* Products */;
					ProjectRef = 365664322732001272804626 /* xmlframework.xcodeproj */;
				},
			);
			projectRoot = "";
			targets = (
				6BE127A41817001272804626 /* xmltests */,
			);
		};
/* End PBXProject section */

/* Begin PBXReferenceProxy section */
		79B776ED6923001272804626 /* libxmlframework.a */ = {
			isa = PBXReferenceProxy;
			fileType = archive.ar;
			path = libxmlframework.a;
			remoteRef = 065422693670001272804626 /* PBXContainerItemProxy */;
			sourceTree = BUILT_PRODUCTS_DIR;
		};
/* End PBXReferenceProxy section */

/* Begin PBXResourcesBuildPhase section */
		52E426575561001272804626 /* Resources */ = {
			isa = PBXResourcesBuildPhase;
			buildActionMask = 2147483647;
			files = (
			);
			runOnlyForDeploymentPostprocessing = 0;
		};
/* End PBXResourcesBuildPhase section */

/* Begin PBXSourcesBuildPhase section */
		637A61335D68001272804626 /* Sources */ = {
			isa = PBXSourcesBuildPhase;
			buildActionMask = 2147483647;
			files = (
				2B474D0913AF001272804626 /* Main.cpp in Sources */,
			);
			runOnlyForDeploymentPostprocessing = 0;
		};
/* End PBXSourcesBuildPhase section */

/* Begin PBXTargetDependency section */
		06387FC1762B001272804626 /* PBXTargetDependency */ = {
			isa = PBXTargetDependency;
			name = libxmlframework.a;
			targetProxy = 2FC613184905001272804626 /* PBXContainerItemProxy */;
		};
/* End PBXTargetDependency section */

/* Begin XCBuildConfiguration section */
		16433E5F635A001272804626 /* Debug */ = {
			isa = XCBuildConfiguration;
			buildSettings = {
				ALWAYS_SEARCH_USER_PATHS = NO;
				CONFIGURATION_BUILD_DIR = ../bin;
				GCC_DYNAMIC_NO_PIC = NO;
				GCC_MODEL_TUNING = G5;
				INSTALL_PATH = /usr/local/bin;
				PRODUCT_NAME = xmltests;
			};
			name = Debug;
		};
		23F012C222B9001272804626 /* Release */ = {
			isa = XCBuildConfiguration;
			buildSettings = {
				ARCHS = "$(NATIVE_ARCH_ACTUAL)";
				CONFIGURATION_BUILD_DIR = "$(SYMROOT)";
				CONFIGURATION_TEMP_DIR = "$(OBJROOT)";
				GCC_C_LANGUAGE_STANDARD = gnu99;
				GCC_OPTIMIZATION_LEVEL = s;
				GCC_PREPROCESSOR_DEFINITIONS = NDEBUG;
				GCC_WARN_ABOUT_RETURN_TYPE = YES;
				GCC_WARN_UNUSED_VARIABLE = YES;
				HEADER_SEARCH_PATHS = ../src;
				OBJROOT = ../obj/Release/xmltests;
				ONLY_ACTIVE_ARCH = NO;
				PREBINDING = NO;
				SYMROOT = ../bin;
			};
			name = Release;
		};
		49990AA164CC001272804626 /* Release */ = {
			isa = XCBuildConfiguration;
			buildSettings = {
				ALWAYS_SEARCH_USER_PATHS = NO;
				CONFIGURATION_BUILD_DIR = ../bin;
				DEBUG_INFORMATION_FORMAT = "dwarf-with-dsym";
				GCC_DYNAMIC_NO_PIC = NO;
				GCC_MODEL_TUNING = G5;
				INSTALL_PATH = /usr/local/bin;
				PRODUCT_NAME = xmltests;
			};
			name = Release;
		};
		571546CF6A85001272804626 /* Debug */ = {
			isa = XCBuildConfiguration;
			buildSettings = {
				ARCHS = "$(NATIVE_ARCH_ACTUAL)";
				CONFIGURATION_BUILD_DIR = "$(SYMROOT)";
				CONFIGURATION_TEMP_DIR = "$(OBJROOT)";
				COPY_PHASE_STRIP = NO;
				GCC_C_LANGUAGE_STANDARD = gnu99;
				GCC_ENABLE_FIX_AND_CONTINUE = YES;
				GCC_OPTIMIZATION_LEVEL = 0;
				GCC_PREPROCESSOR_DEFINITIONS = DEBUG;
				GCC_WARN_ABOUT_RETURN_TYPE = YES;
				GCC_WARN_UNUSED_VARIABLE = YES;
				HEADER_SEARCH_PATHS = ../src;
				OBJROOT = ../obj/Debug/xmltests;
				ONLY_ACTIVE_ARCH = NO;
				PREBINDING = NO;
				SYMROOT = ../bin;
			};
			name = Debug;
		};
/* End XCBuildConfiguration section */

/* Begin XCConfigurationList section */
		167B1DD31051001272804626 /* Build configuration list for PBXNativeTarget "xmltests" */ = {
			isa = XCConfigurationList;
			buildConfigurations = (
				16433E5F635A001272804626 /* Debug */,
				49990AA164CC001272804626 /* Release */,
			);
			defaultConfigurationIsVisible = 0;
			defaultConfigurationName = Debug;
		};
		1DEB928908733DD80010E9CD /* Build configuration list for PBXProject "xmltests" */ = {
			isa = XCConfigurationList;
			buildConfigurations = (
				571546CF6A85001272804626 /* Debug */,
				23F012C222B9001272804626 /* Release */,
			);
			defaultConfigurationIsVisible = 0;
			defaultConfigurationName = Debug;
		};
/* End XCConfigurationList section */
	};
	rootObject = 08FB7793FE84155DC02AAC07 /* Project object */;
}
